
Microsoft Visual Studio Solution File, Format Version 12.00
# Visual Studio Version 16
VisualStudioVersion = 16.0.30621.155
MinimumVisualStudioVersion = 10.0.40219.1
Project("{9A19103F-16F7-4668-BE54-9A1E7A4F7556}") = "Moonshot2020", "Moonshot2020.csproj", "{2DB4C5C4-956C-47D5-BD36-86AA67E045B0}"
EndProject
Project("{FAE04EC0-301F-11D3-BF4B-00C04F79EFBC}") = "Legacy", "..\Legacy\Legacy.csproj", "{2AB31CBA-5625-483A-BBEF-77B24432AE7A}"
EndProject
Global
	GlobalSection(SolutionConfigurationPlatforms) = preSolution
		Debug|Any CPU = Debug|Any CPU
		ExportDebug|Any CPU = ExportDebug|Any CPU
		ExportRelease|Any CPU = ExportRelease|Any CPU
		Release|Any CPU = Release|Any CPU
	EndGlobalSection
	GlobalSection(ProjectConfigurationPlatforms) = postSolution
		{2DB4C5C4-956C-47D5-BD36-86AA67E045B0}.Debug|Any CPU.ActiveCfg = Debug|Any CPU
		{2DB4C5C4-956C-47D5-BD36-86AA67E045B0}.Debug|Any CPU.Build.0 = Debug|Any CPU
		{2DB4C5C4-956C-47D5-BD36-86AA67E045B0}.ExportDebug|Any CPU.ActiveCfg = ExportDebug|Any CPU
		{2DB4C5C4-956C-47D5-BD36-86AA67E045B0}.ExportDebug|Any CPU.Build.0 = ExportDebug|Any CPU
		{2DB4C5C4-956C-47D5-BD36-86AA67E045B0}.ExportRelease|Any CPU.ActiveCfg = ExportRelease|Any CPU
		{2DB4C5C4-956C-47D5-BD36-86AA67E045B0}.ExportRelease|Any CPU.Build.0 = ExportRelease|Any CPU
		{2DB4C5C4-956C-47D5-BD36-86AA67E045B0}.Release|Any CPU.ActiveCfg = ExportRelease|Any CPU
		{2DB4C5C4-956C-47D5-BD36-86AA67E045B0}.Release|Any CPU.Build.0 = ExportRelease|Any CPU
		{2AB31CBA-5625-483A-BBEF-77B24432AE7A}.Debug|Any CPU.ActiveCfg = Debug|Any CPU
		{2AB31CBA-5625-483A-BBEF-77B24432AE7A}.Debug|Any CPU.Build.0 = Debug|Any CPU
		{2AB31CBA-5625-483A-BBEF-77B24432AE7A}.ExportDebug|Any CPU.ActiveCfg = Debug|Any CPU
		{2AB31CBA-5625-483A-BBEF-77B24432AE7A}.ExportDebug|Any CPU.Build.0 = Debug|Any CPU
		{2AB31CBA-5625-483A-BBEF-77B24432AE7A}.ExportRelease|Any CPU.ActiveCfg = Release|Any CPU
		{2AB31CBA-5625-483A-BBEF-77B24432AE7A}.ExportRelease|Any CPU.Build.0 = Release|Any CPU
		{2AB31CBA-5625-483A-BBEF-77B24432AE7A}.Release|Any CPU.ActiveCfg = Release|Any CPU
		{2AB31CBA-5625-483A-BBEF-77B24432AE7A}.Release|Any CPU.Build.0 = Release|Any CPU
	EndGlobalSection
	GlobalSection(SolutionProperties) = preSolution
		HideSolutionNode = FALSE
	EndGlobalSection
	GlobalSection(ExtensibilityGlobals) = postSolution
		SolutionGuid = {89710EDF-5BAA-4C46-900C-E4161F631B90}
	EndGlobalSection
EndGlobal
